
Microsoft Visual Studio Solution File, Format Version 12.00
# Visual Studio 15
VisualStudioVersion = 15.0.26430.4
MinimumVisualStudioVersion = 10.0.40219.1
Project("{FAE04EC0-301F-11D3-BF4B-00C04F79EFBC}") = "ShopifyInventoryMigration", "ShopifyInventoryMigration\ShopifyInventoryMigration.csproj", "{DF567DA6-807A-4F59-96F6-5AA3CA3D9051}"
EndProject
Project("{FAE04EC0-301F-11D3-BF4B-00C04F79EFBC}") = "FlickrUploader", "FlickrUploader\FlickrUploader.csproj", "{C562236E-51E2-4268-86DD-AE0064AD05DD}"
EndProject
Global
	GlobalSection(SolutionConfigurationPlatforms) = preSolution
		Debug|Any CPU = Debug|Any CPU
		Release|Any CPU = Release|Any CPU
	EndGlobalSection
	GlobalSection(ProjectConfigurationPlatforms) = postSolution
		{DF567DA6-807A-4F59-96F6-5AA3CA3D9051}.Debug|Any CPU.ActiveCfg = Debug|Any CPU
		{DF567DA6-807A-4F59-96F6-5AA3CA3D9051}.Debug|Any CPU.Build.0 = Debug|Any CPU
		{DF567DA6-807A-4F59-96F6-5AA3CA3D9051}.Release|Any CPU.ActiveCfg = Release|Any CPU
		{DF567DA6-807A-4F59-96F6-5AA3CA3D9051}.Release|Any CPU.Build.0 = Release|Any CPU
		{C562236E-51E2-4268-86DD-AE0064AD05DD}.Debug|Any CPU.ActiveCfg = Debug|Any CPU
		{C562236E-51E2-4268-86DD-AE0064AD05DD}.Debug|Any CPU.Build.0 = Debug|Any CPU
		{C562236E-51E2-4268-86DD-AE0064AD05DD}.Release|Any CPU.ActiveCfg = Release|Any CPU
		{C562236E-51E2-4268-86DD-AE0064AD05DD}.Release|Any CPU.Build.0 = Release|Any CPU
	EndGlobalSection
	GlobalSection(SolutionProperties) = preSolution
		HideSolutionNode = FALSE
	EndGlobalSection
EndGlobal
